
Microsoft Visual Studio Solution File, Format Version 12.00
# Visual Studio Version 17
VisualStudioVersion = 17.6.33723.286
MinimumVisualStudioVersion = 10.0.40219.1
Project("{FAE04EC0-301F-11D3-BF4B-00C04F79EFBC}") = "Project2", "Project2\Project2.csproj", "{A418D818-7FC3-48AA-9E5A-758095C900A7}"
EndProject
Global
	GlobalSection(SolutionConfigurationPlatforms) = preSolution
		Debug|Any CPU = Debug|Any CPU
		Release|Any CPU = Release|Any CPU
	EndGlobalSection
	GlobalSection(ProjectConfigurationPlatforms) = postSolution
		{A418D818-7FC3-48AA-9E5A-758095C900A7}.Debug|Any CPU.ActiveCfg = Debug|Any CPU
		{A418D818-7FC3-48AA-9E5A-758095C900A7}.Debug|Any CPU.Build.0 = Debug|Any CPU
		{A418D818-7FC3-48AA-9E5A-758095C900A7}.Release|Any CPU.ActiveCfg = Release|Any CPU
		{A418D818-7FC3-48AA-9E5A-758095C900A7}.Release|Any CPU.Build.0 = Release|Any CPU
	EndGlobalSection
	GlobalSection(SolutionProperties) = preSolution
		HideSolutionNode = FALSE
	EndGlobalSection
	GlobalSection(ExtensibilityGlobals) = postSolution
		SolutionGuid = {6837D1E9-2FDE-4D15-B830-16F3C0D6B709}
	EndGlobalSection
EndGlobal
